// !$*UTF8*$!
{
	archiveVersion = 1;
	classes = {
	};
	objectVersion = 55;
	objects = {

/* Begin PBXBuildFile section */
		0ACE9597E9E5C9CAE4007961 /* Pods_betting_bettingUITests.framework in Frameworks */ = {isa = PBXBuildFile; fileRef = 893EB8DBEA04EAA1C7F31EDC /* Pods_betting_bettingUITests.framework */; };
		2A3CE15FC69730681DCEB8FF /* Pods_betting.framework in Frameworks */ = {isa = PBXBuildFile; fileRef = C78EA238F8D8E9CA0C4128C4 /* Pods_betting.framework */; };
		3352732E42586EC6C8FAA726 /* Pods_bettingTests.framework in Frameworks */ = {isa = PBXBuildFile; fileRef = 279460147CD1227C4CF163C8 /* Pods_bettingTests.framework */; };
		5F6F848E2815418900366D56 /* BulletinViewController.swift in Sources */ = {isa = PBXBuildFile; fileRef = 5F6F848C2815418900366D56 /* BulletinViewController.swift */; };
		5F6F848F2815418900366D56 /* BulletinViewController.xib in Resources */ = {isa = PBXBuildFile; fileRef = 5F6F848D2815418900366D56 /* BulletinViewController.xib */; };
		5F6F84982815427200366D56 /* BulletinSportsFilterCell.swift in Sources */ = {isa = PBXBuildFile; fileRef = 5F6F84962815427200366D56 /* BulletinSportsFilterCell.swift */; };
		5F6F84992815427200366D56 /* BulletinSportsFilterCell.xib in Resources */ = {isa = PBXBuildFile; fileRef = 5F6F84972815427200366D56 /* BulletinSportsFilterCell.xib */; };
		5F6F849B281543CC00366D56 /* BulletinViewController+Build.swift in Sources */ = {isa = PBXBuildFile; fileRef = 5F6F849A281543CC00366D56 /* BulletinViewController+Build.swift */; };
		5F6F849D2815448600366D56 /* BulletinViewModel.swift in Sources */ = {isa = PBXBuildFile; fileRef = 5F6F849C2815448600366D56 /* BulletinViewModel.swift */; };
		5F6F849F2815496A00366D56 /* BulletinModels.swift in Sources */ = {isa = PBXBuildFile; fileRef = 5F6F849E2815496A00366D56 /* BulletinModels.swift */; };
		5F790B132814974100B4F4F9 /* AppDelegate.swift in Sources */ = {isa = PBXBuildFile; fileRef = 5F790B122814974100B4F4F9 /* AppDelegate.swift */; };
		5F790B152814974100B4F4F9 /* SceneDelegate.swift in Sources */ = {isa = PBXBuildFile; fileRef = 5F790B142814974100B4F4F9 /* SceneDelegate.swift */; };
		5F790B172814974100B4F4F9 /* ViewController.swift in Sources */ = {isa = PBXBuildFile; fileRef = 5F790B162814974100B4F4F9 /* ViewController.swift */; };
		5F790B1A2814974100B4F4F9 /* Main.storyboard in Resources */ = {isa = PBXBuildFile; fileRef = 5F790B182814974100B4F4F9 /* Main.storyboard */; };
		5F790B1C2814974700B4F4F9 /* Assets.xcassets in Resources */ = {isa = PBXBuildFile; fileRef = 5F790B1B2814974700B4F4F9 /* Assets.xcassets */; };
		5F790B1F2814974700B4F4F9 /* LaunchScreen.storyboard in Resources */ = {isa = PBXBuildFile; fileRef = 5F790B1D2814974700B4F4F9 /* LaunchScreen.storyboard */; };
		5F790B2A2814974700B4F4F9 /* bettingTests.swift in Sources */ = {isa = PBXBuildFile; fileRef = 5F790B292814974700B4F4F9 /* bettingTests.swift */; };
		5F790B342814974700B4F4F9 /* bettingUITests.swift in Sources */ = {isa = PBXBuildFile; fileRef = 5F790B332814974700B4F4F9 /* bettingUITests.swift */; };
		5F790B362814974700B4F4F9 /* bettingUITestsLaunchTests.swift in Sources */ = {isa = PBXBuildFile; fileRef = 5F790B352814974700B4F4F9 /* bettingUITestsLaunchTests.swift */; };
		5F790B452814996500B4F4F9 /* API.swift in Sources */ = {isa = PBXBuildFile; fileRef = 5F790B442814996500B4F4F9 /* API.swift */; };
		5F790B472814ADB200B4F4F9 /* API+Odds.swift in Sources */ = {isa = PBXBuildFile; fileRef = 5F790B462814ADB200B4F4F9 /* API+Odds.swift */; };
/* End PBXBuildFile section */

/* Begin PBXContainerItemProxy section */
		5F790B262814974700B4F4F9 /* PBXContainerItemProxy */ = {
			isa = PBXContainerItemProxy;
			containerPortal = 5F790B072814974100B4F4F9 /* Project object */;
			proxyType = 1;
			remoteGlobalIDString = 5F790B0E2814974100B4F4F9;
			remoteInfo = betting;
		};
		5F790B302814974700B4F4F9 /* PBXContainerItemProxy */ = {
			isa = PBXContainerItemProxy;
			containerPortal = 5F790B072814974100B4F4F9 /* Project object */;
			proxyType = 1;
			remoteGlobalIDString = 5F790B0E2814974100B4F4F9;
			remoteInfo = betting;
		};
/* End PBXContainerItemProxy section */

/* Begin PBXFileReference section */
		1DDACBB60D508729D22A8AC7 /* Pods-betting.release.xcconfig */ = {isa = PBXFileReference; includeInIndex = 1; lastKnownFileType = text.xcconfig; name = "Pods-betting.release.xcconfig"; path = "Target Support Files/Pods-betting/Pods-betting.release.xcconfig"; sourceTree = "<group>"; };
		279460147CD1227C4CF163C8 /* Pods_bettingTests.framework */ = {isa = PBXFileReference; explicitFileType = wrapper.framework; includeInIndex = 0; path = Pods_bettingTests.framework; sourceTree = BUILT_PRODUCTS_DIR; };
		5F6F848C2815418900366D56 /* BulletinViewController.swift */ = {isa = PBXFileReference; lastKnownFileType = sourcecode.swift; path = BulletinViewController.swift; sourceTree = "<group>"; };
		5F6F848D2815418900366D56 /* BulletinViewController.xib */ = {isa = PBXFileReference; lastKnownFileType = file.xib; path = BulletinViewController.xib; sourceTree = "<group>"; };
		5F6F84962815427200366D56 /* BulletinSportsFilterCell.swift */ = {isa = PBXFileReference; lastKnownFileType = sourcecode.swift; path = BulletinSportsFilterCell.swift; sourceTree = "<group>"; };
		5F6F84972815427200366D56 /* BulletinSportsFilterCell.xib */ = {isa = PBXFileReference; lastKnownFileType = file.xib; path = BulletinSportsFilterCell.xib; sourceTree = "<group>"; };
		5F6F849A281543CC00366D56 /* BulletinViewController+Build.swift */ = {isa = PBXFileReference; lastKnownFileType = sourcecode.swift; path = "BulletinViewController+Build.swift"; sourceTree = "<group>"; };
		5F6F849C2815448600366D56 /* BulletinViewModel.swift */ = {isa = PBXFileReference; lastKnownFileType = sourcecode.swift; path = BulletinViewModel.swift; sourceTree = "<group>"; };
		5F6F849E2815496A00366D56 /* BulletinModels.swift */ = {isa = PBXFileReference; lastKnownFileType = sourcecode.swift; path = BulletinModels.swift; sourceTree = "<group>"; };
		5F790B0F2814974100B4F4F9 /* betting.app */ = {isa = PBXFileReference; explicitFileType = wrapper.application; includeInIndex = 0; path = betting.app; sourceTree = BUILT_PRODUCTS_DIR; };
		5F790B122814974100B4F4F9 /* AppDelegate.swift */ = {isa = PBXFileReference; lastKnownFileType = sourcecode.swift; path = AppDelegate.swift; sourceTree = "<group>"; };
		5F790B142814974100B4F4F9 /* SceneDelegate.swift */ = {isa = PBXFileReference; lastKnownFileType = sourcecode.swift; path = SceneDelegate.swift; sourceTree = "<group>"; };
		5F790B162814974100B4F4F9 /* ViewController.swift */ = {isa = PBXFileReference; lastKnownFileType = sourcecode.swift; path = ViewController.swift; sourceTree = "<group>"; };
		5F790B192814974100B4F4F9 /* Base */ = {isa = PBXFileReference; lastKnownFileType = file.storyboard; name = Base; path = Base.lproj/Main.storyboard; sourceTree = "<group>"; };
		5F790B1B2814974700B4F4F9 /* Assets.xcassets */ = {isa = PBXFileReference; lastKnownFileType = folder.assetcatalog; path = Assets.xcassets; sourceTree = "<group>"; };
		5F790B1E2814974700B4F4F9 /* Base */ = {isa = PBXFileReference; lastKnownFileType = file.storyboard; name = Base; path = Base.lproj/LaunchScreen.storyboard; sourceTree = "<group>"; };
		5F790B202814974700B4F4F9 /* Info.plist */ = {isa = PBXFileReference; lastKnownFileType = text.plist.xml; path = Info.plist; sourceTree = "<group>"; };
		5F790B252814974700B4F4F9 /* bettingTests.xctest */ = {isa = PBXFileReference; explicitFileType = wrapper.cfbundle; includeInIndex = 0; path = bettingTests.xctest; sourceTree = BUILT_PRODUCTS_DIR; };
		5F790B292814974700B4F4F9 /* bettingTests.swift */ = {isa = PBXFileReference; lastKnownFileType = sourcecode.swift; path = bettingTests.swift; sourceTree = "<group>"; };
		5F790B2F2814974700B4F4F9 /* bettingUITests.xctest */ = {isa = PBXFileReference; explicitFileType = wrapper.cfbundle; includeInIndex = 0; path = bettingUITests.xctest; sourceTree = BUILT_PRODUCTS_DIR; };
		5F790B332814974700B4F4F9 /* bettingUITests.swift */ = {isa = PBXFileReference; lastKnownFileType = sourcecode.swift; path = bettingUITests.swift; sourceTree = "<group>"; };
		5F790B352814974700B4F4F9 /* bettingUITestsLaunchTests.swift */ = {isa = PBXFileReference; lastKnownFileType = sourcecode.swift; path = bettingUITestsLaunchTests.swift; sourceTree = "<group>"; };
		5F790B442814996500B4F4F9 /* API.swift */ = {isa = PBXFileReference; lastKnownFileType = sourcecode.swift; path = API.swift; sourceTree = "<group>"; };
		5F790B462814ADB200B4F4F9 /* API+Odds.swift */ = {isa = PBXFileReference; lastKnownFileType = sourcecode.swift; path = "API+Odds.swift"; sourceTree = "<group>"; };
		74B8837013A2B1C22BB1EE44 /* Pods-betting-bettingUITests.debug.xcconfig */ = {isa = PBXFileReference; includeInIndex = 1; lastKnownFileType = text.xcconfig; name = "Pods-betting-bettingUITests.debug.xcconfig"; path = "Target Support Files/Pods-betting-bettingUITests/Pods-betting-bettingUITests.debug.xcconfig"; sourceTree = "<group>"; };
		893EB8DBEA04EAA1C7F31EDC /* Pods_betting_bettingUITests.framework */ = {isa = PBXFileReference; explicitFileType = wrapper.framework; includeInIndex = 0; path = Pods_betting_bettingUITests.framework; sourceTree = BUILT_PRODUCTS_DIR; };
		B3D802C15968CA9E8AF1F49E /* Pods-betting-bettingUITests.release.xcconfig */ = {isa = PBXFileReference; includeInIndex = 1; lastKnownFileType = text.xcconfig; name = "Pods-betting-bettingUITests.release.xcconfig"; path = "Target Support Files/Pods-betting-bettingUITests/Pods-betting-bettingUITests.release.xcconfig"; sourceTree = "<group>"; };
		C6E5BBD6709D919CDB27F36B /* Pods-bettingTests.release.xcconfig */ = {isa = PBXFileReference; includeInIndex = 1; lastKnownFileType = text.xcconfig; name = "Pods-bettingTests.release.xcconfig"; path = "Target Support Files/Pods-bettingTests/Pods-bettingTests.release.xcconfig"; sourceTree = "<group>"; };
		C78EA238F8D8E9CA0C4128C4 /* Pods_betting.framework */ = {isa = PBXFileReference; explicitFileType = wrapper.framework; includeInIndex = 0; path = Pods_betting.framework; sourceTree = BUILT_PRODUCTS_DIR; };
		E43BAC9D05A0DE01C7DDABD9 /* Pods-betting.debug.xcconfig */ = {isa = PBXFileReference; includeInIndex = 1; lastKnownFileType = text.xcconfig; name = "Pods-betting.debug.xcconfig"; path = "Target Support Files/Pods-betting/Pods-betting.debug.xcconfig"; sourceTree = "<group>"; };
		F7E9F5BB76C1AC4D8A2ED634 /* Pods-bettingTests.debug.xcconfig */ = {isa = PBXFileReference; includeInIndex = 1; lastKnownFileType = text.xcconfig; name = "Pods-bettingTests.debug.xcconfig"; path = "Target Support Files/Pods-bettingTests/Pods-bettingTests.debug.xcconfig"; sourceTree = "<group>"; };
/* End PBXFileReference section */

/* Begin PBXFrameworksBuildPhase section */
		5F790B0C2814974100B4F4F9 /* Frameworks */ = {
			isa = PBXFrameworksBuildPhase;
			buildActionMask = 2147483647;
			files = (
				2A3CE15FC69730681DCEB8FF /* Pods_betting.framework in Frameworks */,
			);
			runOnlyForDeploymentPostprocessing = 0;
		};
		5F790B222814974700B4F4F9 /* Frameworks */ = {
			isa = PBXFrameworksBuildPhase;
			buildActionMask = 2147483647;
			files = (
				3352732E42586EC6C8FAA726 /* Pods_bettingTests.framework in Frameworks */,
			);
			runOnlyForDeploymentPostprocessing = 0;
		};
		5F790B2C2814974700B4F4F9 /* Frameworks */ = {
			isa = PBXFrameworksBuildPhase;
			buildActionMask = 2147483647;
			files = (
				0ACE9597E9E5C9CAE4007961 /* Pods_betting_bettingUITests.framework in Frameworks */,
			);
			runOnlyForDeploymentPostprocessing = 0;
		};
/* End PBXFrameworksBuildPhase section */

/* Begin PBXGroup section */
		286CF88556228945D6E30D53 /* Pods */ = {
			isa = PBXGroup;
			children = (
				E43BAC9D05A0DE01C7DDABD9 /* Pods-betting.debug.xcconfig */,
				1DDACBB60D508729D22A8AC7 /* Pods-betting.release.xcconfig */,
				74B8837013A2B1C22BB1EE44 /* Pods-betting-bettingUITests.debug.xcconfig */,
				B3D802C15968CA9E8AF1F49E /* Pods-betting-bettingUITests.release.xcconfig */,
				F7E9F5BB76C1AC4D8A2ED634 /* Pods-bettingTests.debug.xcconfig */,
				C6E5BBD6709D919CDB27F36B /* Pods-bettingTests.release.xcconfig */,
			);
			path = Pods;
			sourceTree = "<group>";
		};
		3F04DE3C24543BD9A0E15255 /* Frameworks */ = {
			isa = PBXGroup;
			children = (
				C78EA238F8D8E9CA0C4128C4 /* Pods_betting.framework */,
				893EB8DBEA04EAA1C7F31EDC /* Pods_betting_bettingUITests.framework */,
				279460147CD1227C4CF163C8 /* Pods_bettingTests.framework */,
			);
			name = Frameworks;
			sourceTree = "<group>";
		};
		5F6F848B281540C900366D56 /* Screens */ = {
			isa = PBXGroup;
			children = (
				5F6F8490281541ED00366D56 /* Bulletin */,
			);
			path = Screens;
			sourceTree = "<group>";
		};
		5F6F8490281541ED00366D56 /* Bulletin */ = {
			isa = PBXGroup;
			children = (
				5F6F84942815422600366D56 /* ViewModel */,
				5F6F84932815422100366D56 /* Model */,
				5F6F84922815421000366D56 /* Views */,
				5F6F8491281541FE00366D56 /* ViewController */,
			);
			path = Bulletin;
			sourceTree = "<group>";
		};
		5F6F8491281541FE00366D56 /* ViewController */ = {
			isa = PBXGroup;
			children = (
				5F6F848C2815418900366D56 /* BulletinViewController.swift */,
				5F6F849A281543CC00366D56 /* BulletinViewController+Build.swift */,
			);
			path = ViewController;
			sourceTree = "<group>";
		};
		5F6F84922815421000366D56 /* Views */ = {
			isa = PBXGroup;
			children = (
				5F6F848D2815418900366D56 /* BulletinViewController.xib */,
				5F6F84962815427200366D56 /* BulletinSportsFilterCell.swift */,
				5F6F84972815427200366D56 /* BulletinSportsFilterCell.xib */,
			);
			path = Views;
			sourceTree = "<group>";
		};
		5F6F84932815422100366D56 /* Model */ = {
			isa = PBXGroup;
			children = (
				5F6F849E2815496A00366D56 /* BulletinModels.swift */,
			);
			path = Model;
			sourceTree = "<group>";
		};
		5F6F84942815422600366D56 /* ViewModel */ = {
			isa = PBXGroup;
			children = (
				5F6F849C2815448600366D56 /* BulletinViewModel.swift */,
			);
			path = ViewModel;
			sourceTree = "<group>";
		};
		5F790B062814974100B4F4F9 = {
			isa = PBXGroup;
			children = (
				5F790B112814974100B4F4F9 /* betting */,
				5F790B282814974700B4F4F9 /* bettingTests */,
				5F790B322814974700B4F4F9 /* bettingUITests */,
				5F790B102814974100B4F4F9 /* Products */,
				286CF88556228945D6E30D53 /* Pods */,
				3F04DE3C24543BD9A0E15255 /* Frameworks */,
			);
			sourceTree = "<group>";
		};
		5F790B102814974100B4F4F9 /* Products */ = {
			isa = PBXGroup;
			children = (
				5F790B0F2814974100B4F4F9 /* betting.app */,
				5F790B252814974700B4F4F9 /* bettingTests.xctest */,
				5F790B2F2814974700B4F4F9 /* bettingUITests.xctest */,
			);
			name = Products;
			sourceTree = "<group>";
		};
		5F790B112814974100B4F4F9 /* betting */ = {
			isa = PBXGroup;
			children = (
				5F6F848B281540C900366D56 /* Screens */,
				5F790B432814980800B4F4F9 /* Service */,
				5F790B122814974100B4F4F9 /* AppDelegate.swift */,
				5F790B142814974100B4F4F9 /* SceneDelegate.swift */,
				5F790B162814974100B4F4F9 /* ViewController.swift */,
				5F790B182814974100B4F4F9 /* Main.storyboard */,
				5F790B1B2814974700B4F4F9 /* Assets.xcassets */,
				5F790B1D2814974700B4F4F9 /* LaunchScreen.storyboard */,
				5F790B202814974700B4F4F9 /* Info.plist */,
			);
			path = betting;
			sourceTree = "<group>";
		};
		5F790B282814974700B4F4F9 /* bettingTests */ = {
			isa = PBXGroup;
			children = (
				5F790B292814974700B4F4F9 /* bettingTests.swift */,
			);
			path = bettingTests;
			sourceTree = "<group>";
		};
		5F790B322814974700B4F4F9 /* bettingUITests */ = {
			isa = PBXGroup;
			children = (
				5F790B332814974700B4F4F9 /* bettingUITests.swift */,
				5F790B352814974700B4F4F9 /* bettingUITestsLaunchTests.swift */,
			);
			path = bettingUITests;
			sourceTree = "<group>";
		};
		5F790B432814980800B4F4F9 /* Service */ = {
			isa = PBXGroup;
			children = (
				5F790B442814996500B4F4F9 /* API.swift */,
				5F790B462814ADB200B4F4F9 /* API+Odds.swift */,
			);
			path = Service;
			sourceTree = "<group>";
		};
/* End PBXGroup section */

/* Begin PBXNativeTarget section */
		5F790B0E2814974100B4F4F9 /* betting */ = {
			isa = PBXNativeTarget;
			buildConfigurationList = 5F790B392814974700B4F4F9 /* Build configuration list for PBXNativeTarget "betting" */;
			buildPhases = (
				63A06C97C86318D88A873F73 /* [CP] Check Pods Manifest.lock */,
				5F790B0B2814974100B4F4F9 /* Sources */,
				5F790B0C2814974100B4F4F9 /* Frameworks */,
				5F790B0D2814974100B4F4F9 /* Resources */,
				2492399D45F24A8EE98F1D35 /* [CP] Embed Pods Frameworks */,
			);
			buildRules = (
			);
			dependencies = (
			);
			name = betting;
			productName = betting;
			productReference = 5F790B0F2814974100B4F4F9 /* betting.app */;
			productType = "com.apple.product-type.application";
		};
		5F790B242814974700B4F4F9 /* bettingTests */ = {
			isa = PBXNativeTarget;
			buildConfigurationList = 5F790B3C2814974700B4F4F9 /* Build configuration list for PBXNativeTarget "bettingTests" */;
			buildPhases = (
				5938C6C37B00A59B3704CD1C /* [CP] Check Pods Manifest.lock */,
				5F790B212814974700B4F4F9 /* Sources */,
				5F790B222814974700B4F4F9 /* Frameworks */,
				5F790B232814974700B4F4F9 /* Resources */,
			);
			buildRules = (
			);
			dependencies = (
				5F790B272814974700B4F4F9 /* PBXTargetDependency */,
			);
			name = bettingTests;
			productName = bettingTests;
			productReference = 5F790B252814974700B4F4F9 /* bettingTests.xctest */;
			productType = "com.apple.product-type.bundle.unit-test";
		};
		5F790B2E2814974700B4F4F9 /* bettingUITests */ = {
			isa = PBXNativeTarget;
			buildConfigurationList = 5F790B3F2814974700B4F4F9 /* Build configuration list for PBXNativeTarget "bettingUITests" */;
			buildPhases = (
				04B5BFA9A4028EC56D05FD08 /* [CP] Check Pods Manifest.lock */,
				5F790B2B2814974700B4F4F9 /* Sources */,
				5F790B2C2814974700B4F4F9 /* Frameworks */,
				5F790B2D2814974700B4F4F9 /* Resources */,
				B23B215C499D757D7BA74D62 /* [CP] Embed Pods Frameworks */,
			);
			buildRules = (
			);
			dependencies = (
				5F790B312814974700B4F4F9 /* PBXTargetDependency */,
			);
			name = bettingUITests;
			productName = bettingUITests;
			productReference = 5F790B2F2814974700B4F4F9 /* bettingUITests.xctest */;
			productType = "com.apple.product-type.bundle.ui-testing";
		};
/* End PBXNativeTarget section */

/* Begin PBXProject section */
		5F790B072814974100B4F4F9 /* Project object */ = {
			isa = PBXProject;
			attributes = {
				BuildIndependentTargetsInParallel = 1;
				LastSwiftUpdateCheck = 1330;
				LastUpgradeCheck = 1330;
				TargetAttributes = {
					5F790B0E2814974100B4F4F9 = {
						CreatedOnToolsVersion = 13.3;
					};
					5F790B242814974700B4F4F9 = {
						CreatedOnToolsVersion = 13.3;
						TestTargetID = 5F790B0E2814974100B4F4F9;
					};
					5F790B2E2814974700B4F4F9 = {
						CreatedOnToolsVersion = 13.3;
						TestTargetID = 5F790B0E2814974100B4F4F9;
					};
				};
			};
			buildConfigurationList = 5F790B0A2814974100B4F4F9 /* Build configuration list for PBXProject "betting" */;
			compatibilityVersion = "Xcode 13.0";
			developmentRegion = en;
			hasScannedForEncodings = 0;
			knownRegions = (
				en,
				Base,
			);
			mainGroup = 5F790B062814974100B4F4F9;
			productRefGroup = 5F790B102814974100B4F4F9 /* Products */;
			projectDirPath = "";
			projectRoot = "";
			targets = (
				5F790B0E2814974100B4F4F9 /* betting */,
				5F790B242814974700B4F4F9 /* bettingTests */,
				5F790B2E2814974700B4F4F9 /* bettingUITests */,
			);
		};
/* End PBXProject section */

/* Begin PBXResourcesBuildPhase section */
		5F790B0D2814974100B4F4F9 /* Resources */ = {
			isa = PBXResourcesBuildPhase;
			buildActionMask = 2147483647;
			files = (
				5F790B1F2814974700B4F4F9 /* LaunchScreen.storyboard in Resources */,
				5F6F848F2815418900366D56 /* BulletinViewController.xib in Resources */,
				5F790B1C2814974700B4F4F9 /* Assets.xcassets in Resources */,
				5F6F84992815427200366D56 /* BulletinSportsFilterCell.xib in Resources */,
				5F790B1A2814974100B4F4F9 /* Main.storyboard in Resources */,
			);
			runOnlyForDeploymentPostprocessing = 0;
		};
		5F790B232814974700B4F4F9 /* Resources */ = {
			isa = PBXResourcesBuildPhase;
			buildActionMask = 2147483647;
			files = (
			);
			runOnlyForDeploymentPostprocessing = 0;
		};
		5F790B2D2814974700B4F4F9 /* Resources */ = {
			isa = PBXResourcesBuildPhase;
			buildActionMask = 2147483647;
			files = (
			);
			runOnlyForDeploymentPostprocessing = 0;
		};
/* End PBXResourcesBuildPhase section */

/* Begin PBXShellScriptBuildPhase section */
		04B5BFA9A4028EC56D05FD08 /* [CP] Check Pods Manifest.lock */ = {
			isa = PBXShellScriptBuildPhase;
			buildActionMask = 2147483647;
			files = (
			);
			inputFileListPaths = (
			);
			inputPaths = (
				"${PODS_PODFILE_DIR_PATH}/Podfile.lock",
				"${PODS_ROOT}/Manifest.lock",
			);
			name = "[CP] Check Pods Manifest.lock";
			outputFileListPaths = (
			);
			outputPaths = (
				"$(DERIVED_FILE_DIR)/Pods-betting-bettingUITests-checkManifestLockResult.txt",
			);
			runOnlyForDeploymentPostprocessing = 0;
			shellPath = /bin/sh;
			shellScript = "diff \"${PODS_PODFILE_DIR_PATH}/Podfile.lock\" \"${PODS_ROOT}/Manifest.lock\" > /dev/null\nif [ $? != 0 ] ; then\n    # print error to STDERR\n    echo \"error: The sandbox is not in sync with the Podfile.lock. Run 'pod install' or update your CocoaPods installation.\" >&2\n    exit 1\nfi\n# This output is used by Xcode 'outputs' to avoid re-running this script phase.\necho \"SUCCESS\" > \"${SCRIPT_OUTPUT_FILE_0}\"\n";
			showEnvVarsInLog = 0;
		};
		2492399D45F24A8EE98F1D35 /* [CP] Embed Pods Frameworks */ = {
			isa = PBXShellScriptBuildPhase;
			buildActionMask = 2147483647;
			files = (
			);
			inputFileListPaths = (
				"${PODS_ROOT}/Target Support Files/Pods-betting/Pods-betting-frameworks-${CONFIGURATION}-input-files.xcfilelist",
			);
			name = "[CP] Embed Pods Frameworks";
			outputFileListPaths = (
				"${PODS_ROOT}/Target Support Files/Pods-betting/Pods-betting-frameworks-${CONFIGURATION}-output-files.xcfilelist",
			);
			runOnlyForDeploymentPostprocessing = 0;
			shellPath = /bin/sh;
			shellScript = "\"${PODS_ROOT}/Target Support Files/Pods-betting/Pods-betting-frameworks.sh\"\n";
			showEnvVarsInLog = 0;
		};
		5938C6C37B00A59B3704CD1C /* [CP] Check Pods Manifest.lock */ = {
			isa = PBXShellScriptBuildPhase;
			buildActionMask = 2147483647;
			files = (
			);
			inputFileListPaths = (
			);
			inputPaths = (
				"${PODS_PODFILE_DIR_PATH}/Podfile.lock",
				"${PODS_ROOT}/Manifest.lock",
			);
			name = "[CP] Check Pods Manifest.lock";
			outputFileListPaths = (
			);
			outputPaths = (
				"$(DERIVED_FILE_DIR)/Pods-bettingTests-checkManifestLockResult.txt",
			);
			runOnlyForDeploymentPostprocessing = 0;
			shellPath = /bin/sh;
			shellScript = "diff \"${PODS_PODFILE_DIR_PATH}/Podfile.lock\" \"${PODS_ROOT}/Manifest.lock\" > /dev/null\nif [ $? != 0 ] ; then\n    # print error to STDERR\n    echo \"error: The sandbox is not in sync with the Podfile.lock. Run 'pod install' or update your CocoaPods installation.\" >&2\n    exit 1\nfi\n# This output is used by Xcode 'outputs' to avoid re-running this script phase.\necho \"SUCCESS\" > \"${SCRIPT_OUTPUT_FILE_0}\"\n";
			showEnvVarsInLog = 0;
		};
		63A06C97C86318D88A873F73 /* [CP] Check Pods Manifest.lock */ = {
			isa = PBXShellScriptBuildPhase;
			buildActionMask = 2147483647;
			files = (
			);
			inputFileListPaths = (
			);
			inputPaths = (
				"${PODS_PODFILE_DIR_PATH}/Podfile.lock",
				"${PODS_ROOT}/Manifest.lock",
			);
			name = "[CP] Check Pods Manifest.lock";
			outputFileListPaths = (
			);
			outputPaths = (
				"$(DERIVED_FILE_DIR)/Pods-betting-checkManifestLockResult.txt",
			);
			runOnlyForDeploymentPostprocessing = 0;
			shellPath = /bin/sh;
			shellScript = "diff \"${PODS_PODFILE_DIR_PATH}/Podfile.lock\" \"${PODS_ROOT}/Manifest.lock\" > /dev/null\nif [ $? != 0 ] ; then\n    # print error to STDERR\n    echo \"error: The sandbox is not in sync with the Podfile.lock. Run 'pod install' or update your CocoaPods installation.\" >&2\n    exit 1\nfi\n# This output is used by Xcode 'outputs' to avoid re-running this script phase.\necho \"SUCCESS\" > \"${SCRIPT_OUTPUT_FILE_0}\"\n";
			showEnvVarsInLog = 0;
		};
		B23B215C499D757D7BA74D62 /* [CP] Embed Pods Frameworks */ = {
			isa = PBXShellScriptBuildPhase;
			buildActionMask = 2147483647;
			files = (
			);
			inputFileListPaths = (
				"${PODS_ROOT}/Target Support Files/Pods-betting-bettingUITests/Pods-betting-bettingUITests-frameworks-${CONFIGURATION}-input-files.xcfilelist",
			);
			name = "[CP] Embed Pods Frameworks";
			outputFileListPaths = (
				"${PODS_ROOT}/Target Support Files/Pods-betting-bettingUITests/Pods-betting-bettingUITests-frameworks-${CONFIGURATION}-output-files.xcfilelist",
			);
			runOnlyForDeploymentPostprocessing = 0;
			shellPath = /bin/sh;
			shellScript = "\"${PODS_ROOT}/Target Support Files/Pods-betting-bettingUITests/Pods-betting-bettingUITests-frameworks.sh\"\n";
			showEnvVarsInLog = 0;
		};
/* End PBXShellScriptBuildPhase section */

/* Begin PBXSourcesBuildPhase section */
		5F790B0B2814974100B4F4F9 /* Sources */ = {
			isa = PBXSourcesBuildPhase;
			buildActionMask = 2147483647;
			files = (
				5F790B172814974100B4F4F9 /* ViewController.swift in Sources */,
				5F790B472814ADB200B4F4F9 /* API+Odds.swift in Sources */,
				5F790B132814974100B4F4F9 /* AppDelegate.swift in Sources */,
				5F6F849F2815496A00366D56 /* BulletinModels.swift in Sources */,
				5F6F849D2815448600366D56 /* BulletinViewModel.swift in Sources */,
				5F790B452814996500B4F4F9 /* API.swift in Sources */,
				5F790B152814974100B4F4F9 /* SceneDelegate.swift in Sources */,
				5F6F848E2815418900366D56 /* BulletinViewController.swift in Sources */,
				5F6F849B281543CC00366D56 /* BulletinViewController+Build.swift in Sources */,
				5F6F84982815427200366D56 /* BulletinSportsFilterCell.swift in Sources */,
			);
			runOnlyForDeploymentPostprocessing = 0;
		};
		5F790B212814974700B4F4F9 /* Sources */ = {
			isa = PBXSourcesBuildPhase;
			buildActionMask = 2147483647;
			files = (
				5F790B2A2814974700B4F4F9 /* bettingTests.swift in Sources */,
			);
			runOnlyForDeploymentPostprocessing = 0;
		};
		5F790B2B2814974700B4F4F9 /* Sources */ = {
			isa = PBXSourcesBuildPhase;
			buildActionMask = 2147483647;
			files = (
				5F790B362814974700B4F4F9 /* bettingUITestsLaunchTests.swift in Sources */,
				5F790B342814974700B4F4F9 /* bettingUITests.swift in Sources */,
			);
			runOnlyForDeploymentPostprocessing = 0;
		};
/* End PBXSourcesBuildPhase section */

/* Begin PBXTargetDependency section */
		5F790B272814974700B4F4F9 /* PBXTargetDependency */ = {
			isa = PBXTargetDependency;
			target = 5F790B0E2814974100B4F4F9 /* betting */;
			targetProxy = 5F790B262814974700B4F4F9 /* PBXContainerItemProxy */;
		};
		5F790B312814974700B4F4F9 /* PBXTargetDependency */ = {
			isa = PBXTargetDependency;
			target = 5F790B0E2814974100B4F4F9 /* betting */;
			targetProxy = 5F790B302814974700B4F4F9 /* PBXContainerItemProxy */;
		};
/* End PBXTargetDependency section */

/* Begin PBXVariantGroup section */
		5F790B182814974100B4F4F9 /* Main.storyboard */ = {
			isa = PBXVariantGroup;
			children = (
				5F790B192814974100B4F4F9 /* Base */,
			);
			name = Main.storyboard;
			sourceTree = "<group>";
		};
		5F790B1D2814974700B4F4F9 /* LaunchScreen.storyboard */ = {
			isa = PBXVariantGroup;
			children = (
				5F790B1E2814974700B4F4F9 /* Base */,
			);
			name = LaunchScreen.storyboard;
			sourceTree = "<group>";
		};
/* End PBXVariantGroup section */

/* Begin XCBuildConfiguration section */
		5F790B372814974700B4F4F9 /* Debug */ = {
			isa = XCBuildConfiguration;
			buildSettings = {
				ALWAYS_SEARCH_USER_PATHS = NO;
				API_KEY = 9eacac71ab8f945546b853ad2a56f881;
				API_URL = "https://api.the-odds-api.com/v4";
				CLANG_ANALYZER_NONNULL = YES;
				CLANG_ANALYZER_NUMBER_OBJECT_CONVERSION = YES_AGGRESSIVE;
				CLANG_CXX_LANGUAGE_STANDARD = "gnu++17";
				CLANG_ENABLE_MODULES = YES;
				CLANG_ENABLE_OBJC_ARC = YES;
				CLANG_ENABLE_OBJC_WEAK = YES;
				CLANG_WARN_BLOCK_CAPTURE_AUTORELEASING = YES;
				CLANG_WARN_BOOL_CONVERSION = YES;
				CLANG_WARN_COMMA = YES;
				CLANG_WARN_CONSTANT_CONVERSION = YES;
				CLANG_WARN_DEPRECATED_OBJC_IMPLEMENTATIONS = YES;
				CLANG_WARN_DIRECT_OBJC_ISA_USAGE = YES_ERROR;
				CLANG_WARN_DOCUMENTATION_COMMENTS = YES;
				CLANG_WARN_EMPTY_BODY = YES;
				CLANG_WARN_ENUM_CONVERSION = YES;
				CLANG_WARN_INFINITE_RECURSION = YES;
				CLANG_WARN_INT_CONVERSION = YES;
				CLANG_WARN_NON_LITERAL_NULL_CONVERSION = YES;
				CLANG_WARN_OBJC_IMPLICIT_RETAIN_SELF = YES;
				CLANG_WARN_OBJC_LITERAL_CONVERSION = YES;
				CLANG_WARN_OBJC_ROOT_CLASS = YES_ERROR;
				CLANG_WARN_QUOTED_INCLUDE_IN_FRAMEWORK_HEADER = YES;
				CLANG_WARN_RANGE_LOOP_ANALYSIS = YES;
				CLANG_WARN_STRICT_PROTOTYPES = YES;
				CLANG_WARN_SUSPICIOUS_MOVE = YES;
				CLANG_WARN_UNGUARDED_AVAILABILITY = YES_AGGRESSIVE;
				CLANG_WARN_UNREACHABLE_CODE = YES;
				CLANG_WARN__DUPLICATE_METHOD_MATCH = YES;
				COPY_PHASE_STRIP = NO;
				DEBUG_INFORMATION_FORMAT = dwarf;
				ENABLE_STRICT_OBJC_MSGSEND = YES;
				ENABLE_TESTABILITY = YES;
				GCC_C_LANGUAGE_STANDARD = gnu11;
				GCC_DYNAMIC_NO_PIC = NO;
				GCC_NO_COMMON_BLOCKS = YES;
				GCC_OPTIMIZATION_LEVEL = 0;
				GCC_PREPROCESSOR_DEFINITIONS = (
					"DEBUG=1",
					"$(inherited)",
				);
				GCC_WARN_64_TO_32_BIT_CONVERSION = YES;
				GCC_WARN_ABOUT_RETURN_TYPE = YES_ERROR;
				GCC_WARN_UNDECLARED_SELECTOR = YES;
				GCC_WARN_UNINITIALIZED_AUTOS = YES_AGGRESSIVE;
				GCC_WARN_UNUSED_FUNCTION = YES;
				GCC_WARN_UNUSED_VARIABLE = YES;
				IPHONEOS_DEPLOYMENT_TARGET = 15.4;
				MTL_ENABLE_DEBUG_INFO = INCLUDE_SOURCE;
				MTL_FAST_MATH = YES;
				ONLY_ACTIVE_ARCH = YES;
				SDKROOT = iphoneos;
				SWIFT_ACTIVE_COMPILATION_CONDITIONS = DEBUG;
				SWIFT_OPTIMIZATION_LEVEL = "-Onone";
			};
			name = Debug;
		};
		5F790B382814974700B4F4F9 /* Release */ = {
			isa = XCBuildConfiguration;
			buildSettings = {
				ALWAYS_SEARCH_USER_PATHS = NO;
				API_KEY = 9eacac71ab8f945546b853ad2a56f881;
				API_URL = "https://api.the-odds-api.com/v4";
				CLANG_ANALYZER_NONNULL = YES;
				CLANG_ANALYZER_NUMBER_OBJECT_CONVERSION = YES_AGGRESSIVE;
				CLANG_CXX_LANGUAGE_STANDARD = "gnu++17";
				CLANG_ENABLE_MODULES = YES;
				CLANG_ENABLE_OBJC_ARC = YES;
				CLANG_ENABLE_OBJC_WEAK = YES;
				CLANG_WARN_BLOCK_CAPTURE_AUTORELEASING = YES;
				CLANG_WARN_BOOL_CONVERSION = YES;
				CLANG_WARN_COMMA = YES;
				CLANG_WARN_CONSTANT_CONVERSION = YES;
				CLANG_WARN_DEPRECATED_OBJC_IMPLEMENTATIONS = YES;
				CLANG_WARN_DIRECT_OBJC_ISA_USAGE = YES_ERROR;
				CLANG_WARN_DOCUMENTATION_COMMENTS = YES;
				CLANG_WARN_EMPTY_BODY = YES;
				CLANG_WARN_ENUM_CONVERSION = YES;
				CLANG_WARN_INFINITE_RECURSION = YES;
				CLANG_WARN_INT_CONVERSION = YES;
				CLANG_WARN_NON_LITERAL_NULL_CONVERSION = YES;
				CLANG_WARN_OBJC_IMPLICIT_RETAIN_SELF = YES;
				CLANG_WARN_OBJC_LITERAL_CONVERSION = YES;
				CLANG_WARN_OBJC_ROOT_CLASS = YES_ERROR;
				CLANG_WARN_QUOTED_INCLUDE_IN_FRAMEWORK_HEADER = YES;
				CLANG_WARN_RANGE_LOOP_ANALYSIS = YES;
				CLANG_WARN_STRICT_PROTOTYPES = YES;
				CLANG_WARN_SUSPICIOUS_MOVE = YES;
				CLANG_WARN_UNGUARDED_AVAILABILITY = YES_AGGRESSIVE;
				CLANG_WARN_UNREACHABLE_CODE = YES;
				CLANG_WARN__DUPLICATE_METHOD_MATCH = YES;
				COPY_PHASE_STRIP = NO;
				DEBUG_INFORMATION_FORMAT = "dwarf-with-dsym";
				ENABLE_NS_ASSERTIONS = NO;
				ENABLE_STRICT_OBJC_MSGSEND = YES;
				GCC_C_LANGUAGE_STANDARD = gnu11;
				GCC_NO_COMMON_BLOCKS = YES;
				GCC_WARN_64_TO_32_BIT_CONVERSION = YES;
				GCC_WARN_ABOUT_RETURN_TYPE = YES_ERROR;
				GCC_WARN_UNDECLARED_SELECTOR = YES;
				GCC_WARN_UNINITIALIZED_AUTOS = YES_AGGRESSIVE;
				GCC_WARN_UNUSED_FUNCTION = YES;
				GCC_WARN_UNUSED_VARIABLE = YES;
				IPHONEOS_DEPLOYMENT_TARGET = 15.4;
				MTL_ENABLE_DEBUG_INFO = NO;
				MTL_FAST_MATH = YES;
				SDKROOT = iphoneos;
				SWIFT_COMPILATION_MODE = wholemodule;
				SWIFT_OPTIMIZATION_LEVEL = "-O";
				VALIDATE_PRODUCT = YES;
			};
			name = Release;
		};
		5F790B3A2814974700B4F4F9 /* Debug */ = {
			isa = XCBuildConfiguration;
			baseConfigurationReference = E43BAC9D05A0DE01C7DDABD9 /* Pods-betting.debug.xcconfig */;
			buildSettings = {
				ASSETCATALOG_COMPILER_APPICON_NAME = AppIcon;
				ASSETCATALOG_COMPILER_GLOBAL_ACCENT_COLOR_NAME = AccentColor;
				CODE_SIGN_STYLE = Automatic;
				CURRENT_PROJECT_VERSION = 1;
				GENERATE_INFOPLIST_FILE = YES;
				INFOPLIST_FILE = betting/Info.plist;
				INFOPLIST_KEY_UIApplicationSupportsIndirectInputEvents = YES;
				INFOPLIST_KEY_UILaunchStoryboardName = LaunchScreen;
				INFOPLIST_KEY_UIMainStoryboardFile = Main;
				INFOPLIST_KEY_UISupportedInterfaceOrientations_iPad = "UIInterfaceOrientationPortrait UIInterfaceOrientationPortraitUpsideDown UIInterfaceOrientationLandscapeLeft UIInterfaceOrientationLandscapeRight";
				INFOPLIST_KEY_UISupportedInterfaceOrientations_iPhone = "UIInterfaceOrientationPortrait UIInterfaceOrientationLandscapeLeft UIInterfaceOrientationLandscapeRight";
				LD_RUNPATH_SEARCH_PATHS = (
					"$(inherited)",
					"@executable_path/Frameworks",
				);
				MARKETING_VERSION = 1.0;
				PRODUCT_BUNDLE_IDENTIFIER = com.portakalkoku.betting;
				PRODUCT_NAME = "$(TARGET_NAME)";
				SWIFT_EMIT_LOC_STRINGS = YES;
				SWIFT_VERSION = 5.0;
				TARGETED_DEVICE_FAMILY = "1,2";
			};
			name = Debug;
		};
		5F790B3B2814974700B4F4F9 /* Release */ = {
			isa = XCBuildConfiguration;
			baseConfigurationReference = 1DDACBB60D508729D22A8AC7 /* Pods-betting.release.xcconfig */;
			buildSettings = {
				ASSETCATALOG_COMPILER_APPICON_NAME = AppIcon;
				ASSETCATALOG_COMPILER_GLOBAL_ACCENT_COLOR_NAME = AccentColor;
				CODE_SIGN_STYLE = Automatic;
				CURRENT_PROJECT_VERSION = 1;
				GENERATE_INFOPLIST_FILE = YES;
				INFOPLIST_FILE = betting/Info.plist;
				INFOPLIST_KEY_UIApplicationSupportsIndirectInputEvents = YES;
				INFOPLIST_KEY_UILaunchStoryboardName = LaunchScreen;
				INFOPLIST_KEY_UIMainStoryboardFile = Main;
				INFOPLIST_KEY_UISupportedInterfaceOrientations_iPad = "UIInterfaceOrientationPortrait UIInterfaceOrientationPortraitUpsideDown UIInterfaceOrientationLandscapeLeft UIInterfaceOrientationLandscapeRight";
				INFOPLIST_KEY_UISupportedInterfaceOrientations_iPhone = "UIInterfaceOrientationPortrait UIInterfaceOrientationLandscapeLeft UIInterfaceOrientationLandscapeRight";
				LD_RUNPATH_SEARCH_PATHS = (
					"$(inherited)",
					"@executable_path/Frameworks",
				);
				MARKETING_VERSION = 1.0;
				PRODUCT_BUNDLE_IDENTIFIER = com.portakalkoku.betting;
				PRODUCT_NAME = "$(TARGET_NAME)";
				SWIFT_EMIT_LOC_STRINGS = YES;
				SWIFT_VERSION = 5.0;
				TARGETED_DEVICE_FAMILY = "1,2";
			};
			name = Release;
		};
		5F790B3D2814974700B4F4F9 /* Debug */ = {
			isa = XCBuildConfiguration;
			baseConfigurationReference = F7E9F5BB76C1AC4D8A2ED634 /* Pods-bettingTests.debug.xcconfig */;
			buildSettings = {
				ALWAYS_EMBED_SWIFT_STANDARD_LIBRARIES = YES;
				BUNDLE_LOADER = "$(TEST_HOST)";
				CODE_SIGN_STYLE = Automatic;
				CURRENT_PROJECT_VERSION = 1;
				GENERATE_INFOPLIST_FILE = YES;
				IPHONEOS_DEPLOYMENT_TARGET = 15.4;
				MARKETING_VERSION = 1.0;
				PRODUCT_BUNDLE_IDENTIFIER = com.portakalkoku.bettingTests;
				PRODUCT_NAME = "$(TARGET_NAME)";
				SWIFT_EMIT_LOC_STRINGS = NO;
				SWIFT_VERSION = 5.0;
				TARGETED_DEVICE_FAMILY = "1,2";
				TEST_HOST = "$(BUILT_PRODUCTS_DIR)/betting.app/betting";
			};
			name = Debug;
		};
		5F790B3E2814974700B4F4F9 /* Release */ = {
			isa = XCBuildConfiguration;
			baseConfigurationReference = C6E5BBD6709D919CDB27F36B /* Pods-bettingTests.release.xcconfig */;
			buildSettings = {
				ALWAYS_EMBED_SWIFT_STANDARD_LIBRARIES = YES;
				BUNDLE_LOADER = "$(TEST_HOST)";
				CODE_SIGN_STYLE = Automatic;
				CURRENT_PROJECT_VERSION = 1;
				GENERATE_INFOPLIST_FILE = YES;
				IPHONEOS_DEPLOYMENT_TARGET = 15.4;
				MARKETING_VERSION = 1.0;
				PRODUCT_BUNDLE_IDENTIFIER = com.portakalkoku.bettingTests;
				PRODUCT_NAME = "$(TARGET_NAME)";
				SWIFT_EMIT_LOC_STRINGS = NO;
				SWIFT_VERSION = 5.0;
				TARGETED_DEVICE_FAMILY = "1,2";
				TEST_HOST = "$(BUILT_PRODUCTS_DIR)/betting.app/betting";
			};
			name = Release;
		};
		5F790B402814974700B4F4F9 /* Debug */ = {
			isa = XCBuildConfiguration;
			baseConfigurationReference = 74B8837013A2B1C22BB1EE44 /* Pods-betting-bettingUITests.debug.xcconfig */;
			buildSettings = {
				ALWAYS_EMBED_SWIFT_STANDARD_LIBRARIES = YES;
				CODE_SIGN_STYLE = Automatic;
				CURRENT_PROJECT_VERSION = 1;
				GENERATE_INFOPLIST_FILE = YES;
				MARKETING_VERSION = 1.0;
				PRODUCT_BUNDLE_IDENTIFIER = com.portakalkoku.bettingUITests;
				PRODUCT_NAME = "$(TARGET_NAME)";
				SWIFT_EMIT_LOC_STRINGS = NO;
				SWIFT_VERSION = 5.0;
				TARGETED_DEVICE_FAMILY = "1,2";
				TEST_TARGET_NAME = betting;
			};
			name = Debug;
		};
		5F790B412814974700B4F4F9 /* Release */ = {
			isa = XCBuildConfiguration;
			baseConfigurationReference = B3D802C15968CA9E8AF1F49E /* Pods-betting-bettingUITests.release.xcconfig */;
			buildSettings = {
				ALWAYS_EMBED_SWIFT_STANDARD_LIBRARIES = YES;
				CODE_SIGN_STYLE = Automatic;
				CURRENT_PROJECT_VERSION = 1;
				GENERATE_INFOPLIST_FILE = YES;
				MARKETING_VERSION = 1.0;
				PRODUCT_BUNDLE_IDENTIFIER = com.portakalkoku.bettingUITests;
				PRODUCT_NAME = "$(TARGET_NAME)";
				SWIFT_EMIT_LOC_STRINGS = NO;
				SWIFT_VERSION = 5.0;
				TARGETED_DEVICE_FAMILY = "1,2";
				TEST_TARGET_NAME = betting;
			};
			name = Release;
		};
/* End XCBuildConfiguration section */

/* Begin XCConfigurationList section */
		5F790B0A2814974100B4F4F9 /* Build configuration list for PBXProject "betting" */ = {
			isa = XCConfigurationList;
			buildConfigurations = (
				5F790B372814974700B4F4F9 /* Debug */,
				5F790B382814974700B4F4F9 /* Release */,
			);
			defaultConfigurationIsVisible = 0;
			defaultConfigurationName = Release;
		};
		5F790B392814974700B4F4F9 /* Build configuration list for PBXNativeTarget "betting" */ = {
			isa = XCConfigurationList;
			buildConfigurations = (
				5F790B3A2814974700B4F4F9 /* Debug */,
				5F790B3B2814974700B4F4F9 /* Release */,
			);
			defaultConfigurationIsVisible = 0;
			defaultConfigurationName = Release;
		};
		5F790B3C2814974700B4F4F9 /* Build configuration list for PBXNativeTarget "bettingTests" */ = {
			isa = XCConfigurationList;
			buildConfigurations = (
				5F790B3D2814974700B4F4F9 /* Debug */,
				5F790B3E2814974700B4F4F9 /* Release */,
			);
			defaultConfigurationIsVisible = 0;
			defaultConfigurationName = Release;
		};
		5F790B3F2814974700B4F4F9 /* Build configuration list for PBXNativeTarget "bettingUITests" */ = {
			isa = XCConfigurationList;
			buildConfigurations = (
				5F790B402814974700B4F4F9 /* Debug */,
				5F790B412814974700B4F4F9 /* Release */,
			);
			defaultConfigurationIsVisible = 0;
			defaultConfigurationName = Release;
		};
/* End XCConfigurationList section */
	};
	rootObject = 5F790B072814974100B4F4F9 /* Project object */;
}
